
Microsoft Visual Studio Solution File, Format Version 12.00
# Visual Studio Version 17
VisualStudioVersion = 17.4.33213.308
MinimumVisualStudioVersion = 10.0.40219.1
Project("{2150E333-8FDC-42A3-9474-1A3956D46DE8}") = "_build", "_build", "{FCAEC125-C679-4EF8-A1FF-8145337BC7FD}"
	ProjectSection(SolutionItems) = preProject
		.editorconfig = .editorconfig
		Directory.Build.props = Directory.Build.props
		Directory.Packages.props = Directory.Packages.props
		README.md = README.md
	EndProjectSection
EndProject
Project("{9A19103F-16F7-4668-BE54-9A1E7A4F7556}") = "Smusdi.RegexTools", "src\Smusdi.RegexTools\Smusdi.RegexTools.csproj", "{F9782446-B54F-4E3A-A967-AAFAD1CA2D1B}"
EndProject
Project("{9A19103F-16F7-4668-BE54-9A1E7A4F7556}") = "Smusdi.RegexTools.Specs", "specs\Smusdi.RegexTools.Specs\Smusdi.RegexTools.Specs.csproj", "{1B6F8AE5-24F7-4100-9E02-058A73FA7DC8}"
EndProject
Project("{2150E333-8FDC-42A3-9474-1A3956D46DE8}") = "specs", "specs", "{30A73C49-5263-469F-8CC3-F5D77BD48C70}"
	ProjectSection(SolutionItems) = preProject
		specs\.runsettings = specs\.runsettings
		specs\Directory.Build.props = specs\Directory.Build.props
		specs\specflow.json = specs\specflow.json
		specs\xunit.runner.json = specs\xunit.runner.json
	EndProjectSection
EndProject
Global
	GlobalSection(SolutionConfigurationPlatforms) = preSolution
		Debug|Any CPU = Debug|Any CPU
		Release|Any CPU = Release|Any CPU
	EndGlobalSection
	GlobalSection(ProjectConfigurationPlatforms) = postSolution
		{F9782446-B54F-4E3A-A967-AAFAD1CA2D1B}.Debug|Any CPU.ActiveCfg = Debug|Any CPU
		{F9782446-B54F-4E3A-A967-AAFAD1CA2D1B}.Debug|Any CPU.Build.0 = Debug|Any CPU
		{F9782446-B54F-4E3A-A967-AAFAD1CA2D1B}.Release|Any CPU.ActiveCfg = Release|Any CPU
		{F9782446-B54F-4E3A-A967-AAFAD1CA2D1B}.Release|Any CPU.Build.0 = Release|Any CPU
		{1B6F8AE5-24F7-4100-9E02-058A73FA7DC8}.Debug|Any CPU.ActiveCfg = Debug|Any CPU
		{1B6F8AE5-24F7-4100-9E02-058A73FA7DC8}.Debug|Any CPU.Build.0 = Debug|Any CPU
		{1B6F8AE5-24F7-4100-9E02-058A73FA7DC8}.Release|Any CPU.ActiveCfg = Release|Any CPU
		{1B6F8AE5-24F7-4100-9E02-058A73FA7DC8}.Release|Any CPU.Build.0 = Release|Any CPU
	EndGlobalSection
	GlobalSection(SolutionProperties) = preSolution
		HideSolutionNode = FALSE
	EndGlobalSection
	GlobalSection(NestedProjects) = preSolution
		{30A73C49-5263-469F-8CC3-F5D77BD48C70} = {FCAEC125-C679-4EF8-A1FF-8145337BC7FD}
	EndGlobalSection
	GlobalSection(ExtensibilityGlobals) = postSolution
		SolutionGuid = {66549C88-4678-49FD-BEFE-8568EFDA8B43}
	EndGlobalSection
EndGlobal
